
Microsoft Visual Studio Solution File, Format Version 12.00
# Visual Studio Version 16
VisualStudioVersion = 16.0.29613.14
MinimumVisualStudioVersion = 10.0.40219.1
Project("{FAE04EC0-301F-11D3-BF4B-00C04F79EFBC}") = "PessoaApi", "PessoaApi\PessoaApi.csproj", "{B07873F2-1EA4-496B-BD59-E000B16492DF}"
EndProject
Global
	GlobalSection(SolutionConfigurationPlatforms) = preSolution
		Debug|Any CPU = Debug|Any CPU
		Release|Any CPU = Release|Any CPU
	EndGlobalSection
	GlobalSection(ProjectConfigurationPlatforms) = postSolution
		{B07873F2-1EA4-496B-BD59-E000B16492DF}.Debug|Any CPU.ActiveCfg = Debug|Any CPU
		{B07873F2-1EA4-496B-BD59-E000B16492DF}.Debug|Any CPU.Build.0 = Debug|Any CPU
		{B07873F2-1EA4-496B-BD59-E000B16492DF}.Release|Any CPU.ActiveCfg = Release|Any CPU
		{B07873F2-1EA4-496B-BD59-E000B16492DF}.Release|Any CPU.Build.0 = Release|Any CPU
	EndGlobalSection
	GlobalSection(SolutionProperties) = preSolution
		HideSolutionNode = FALSE
	EndGlobalSection
	GlobalSection(ExtensibilityGlobals) = postSolution
		SolutionGuid = {B4A4FE96-84D9-42E9-9C1A-747E779F742A}
	EndGlobalSection
EndGlobal
